// !$*UTF8*$!
{
	archiveVersion = 1;
	classes = {
	};
	objectVersion = 46;
	objects = {

/* Begin PBXBuildFile section */
		22B7CE7019B0DD1C0063BAC2 /* Cocoa.framework in Frameworks */ = {isa = PBXBuildFile; fileRef = 22B7CE6F19B0DD1C0063BAC2 /* Cocoa.framework */; };
		22B7CE7A19B0DD1C0063BAC2 /* InfoPlist.strings in Resources */ = {isa = PBXBuildFile; fileRef = 22B7CE7819B0DD1C0063BAC2 /* InfoPlist.strings */; };
		22B7CE7C19B0DD1C0063BAC2 /* main.m in Sources */ = {isa = PBXBuildFile; fileRef = 22B7CE7B19B0DD1C0063BAC2 /* main.m */; };
		22B7CE8019B0DD1C0063BAC2 /* Credits.rtf in Resources */ = {isa = PBXBuildFile; fileRef = 22B7CE7E19B0DD1C0063BAC2 /* Credits.rtf */; };
		22B7CE8319B0DD1C0063BAC2 /* TLAppDelegate.m in Sources */ = {isa = PBXBuildFile; fileRef = 22B7CE8219B0DD1C0063BAC2 /* TLAppDelegate.m */; };
		22B7CE8619B0DD1C0063BAC2 /* MainMenu.xib in Resources */ = {isa = PBXBuildFile; fileRef = 22B7CE8419B0DD1C0063BAC2 /* MainMenu.xib */; };
		22B7CE8F19B0DD560063BAC2 /* DoWork.m in Sources */ = {isa = PBXBuildFile; fileRef = 22B7CE8D19B0DD560063BAC2 /* DoWork.m */; };
		22B7CE9019B0DD560063BAC2 /* README in Resources */ = {isa = PBXBuildFile; fileRef = 22B7CE8E19B0DD560063BAC2 /* README */; };
/* End PBXBuildFile section */

/* Begin PBXFileReference section */
		22B7CE6C19B0DD1C0063BAC2 /* Archive To Storage.app */ = {isa = PBXFileReference; explicitFileType = wrapper.application; includeInIndex = 0; path = "Archive To Storage.app"; sourceTree = BUILT_PRODUCTS_DIR; };
		22B7CE6F19B0DD1C0063BAC2 /* Cocoa.framework */ = {isa = PBXFileReference; lastKnownFileType = wrapper.framework; name = Cocoa.framework; path = System/Library/Frameworks/Cocoa.framework; sourceTree = SDKROOT; };
		22B7CE7219B0DD1C0063BAC2 /* AppKit.framework */ = {isa = PBXFileReference; lastKnownFileType = wrapper.framework; name = AppKit.framework; path = System/Library/Frameworks/AppKit.framework; sourceTree = SDKROOT; };
		22B7CE7319B0DD1C0063BAC2 /* CoreData.framework */ = {isa = PBXFileReference; lastKnownFileType = wrapper.framework; name = CoreData.framework; path = System/Library/Frameworks/CoreData.framework; sourceTree = SDKROOT; };
		22B7CE7419B0DD1C0063BAC2 /* Foundation.framework */ = {isa = PBXFileReference; lastKnownFileType = wrapper.framework; name = Foundation.framework; path = System/Library/Frameworks/Foundation.framework; sourceTree = SDKROOT; };
		22B7CE7719B0DD1C0063BAC2 /* Archive To Storage-Info.plist */ = {isa = PBXFileReference; lastKnownFileType = text.plist.xml; path = "Archive To Storage-Info.plist"; sourceTree = "<group>"; };
		22B7CE7919B0DD1C0063BAC2 /* en */ = {isa = PBXFileReference; lastKnownFileType = text.plist.strings; name = en; path = en.lproj/InfoPlist.strings; sourceTree = "<group>"; };
		22B7CE7B19B0DD1C0063BAC2 /* main.m */ = {isa = PBXFileReference; lastKnownFileType = sourcecode.c.objc; path = main.m; sourceTree = "<group>"; };
		22B7CE7D19B0DD1C0063BAC2 /* Archive To Storage-Prefix.pch */ = {isa = PBXFileReference; lastKnownFileType = sourcecode.c.h; path = "Archive To Storage-Prefix.pch"; sourceTree = "<group>"; };
		22B7CE7F19B0DD1C0063BAC2 /* en */ = {isa = PBXFileReference; lastKnownFileType = text.rtf; name = en; path = en.lproj/Credits.rtf; sourceTree = "<group>"; };
		22B7CE8119B0DD1C0063BAC2 /* TLAppDelegate.h */ = {isa = PBXFileReference; lastKnownFileType = sourcecode.c.h; path = TLAppDelegate.h; sourceTree = "<group>"; };
		22B7CE8219B0DD1C0063BAC2 /* TLAppDelegate.m */ = {isa = PBXFileReference; lastKnownFileType = sourcecode.c.objc; path = TLAppDelegate.m; sourceTree = "<group>"; };
		22B7CE8519B0DD1C0063BAC2 /* en */ = {isa = PBXFileReference; lastKnownFileType = file.xib; name = en; path = en.lproj/MainMenu.xib; sourceTree = "<group>"; };
		22B7CE8C19B0DD560063BAC2 /* DoWork.h */ = {isa = PBXFileReference; fileEncoding = 4; lastKnownFileType = sourcecode.c.h; path = DoWork.h; sourceTree = "<group>"; };
		22B7CE8D19B0DD560063BAC2 /* DoWork.m */ = {isa = PBXFileReference; fileEncoding = 4; lastKnownFileType = sourcecode.c.objc; path = DoWork.m; sourceTree = "<group>"; };
		22B7CE8E19B0DD560063BAC2 /* README */ = {isa = PBXFileReference; fileEncoding = 4; lastKnownFileType = text; path = README; sourceTree = SOURCE_ROOT; };
/* End PBXFileReference section */

/* Begin PBXFrameworksBuildPhase section */
		22B7CE6919B0DD1C0063BAC2 /* Frameworks */ = {
			isa = PBXFrameworksBuildPhase;
			buildActionMask = 2147483647;
			files = (
				22B7CE7019B0DD1C0063BAC2 /* Cocoa.framework in Frameworks */,
			);
			runOnlyForDeploymentPostprocessing = 0;
		};
/* End PBXFrameworksBuildPhase section */

/* Begin PBXGroup section */
		22B7CE6319B0DD1C0063BAC2 = {
			isa = PBXGroup;
			children = (
				22B7CE7519B0DD1C0063BAC2 /* Archive To Storage */,
				22B7CE6E19B0DD1C0063BAC2 /* Frameworks */,
				22B7CE6D19B0DD1C0063BAC2 /* Products */,
			);
			sourceTree = "<group>";
		};
		22B7CE6D19B0DD1C0063BAC2 /* Products */ = {
			isa = PBXGroup;
			children = (
				22B7CE6C19B0DD1C0063BAC2 /* Archive To Storage.app */,
			);
			name = Products;
			sourceTree = "<group>";
		};
		22B7CE6E19B0DD1C0063BAC2 /* Frameworks */ = {
			isa = PBXGroup;
			children = (
				22B7CE6F19B0DD1C0063BAC2 /* Cocoa.framework */,
				22B7CE7119B0DD1C0063BAC2 /* Other Frameworks */,
			);
			name = Frameworks;
			sourceTree = "<group>";
		};
		22B7CE7119B0DD1C0063BAC2 /* Other Frameworks */ = {
			isa = PBXGroup;
			children = (
				22B7CE7219B0DD1C0063BAC2 /* AppKit.framework */,
				22B7CE7319B0DD1C0063BAC2 /* CoreData.framework */,
				22B7CE7419B0DD1C0063BAC2 /* Foundation.framework */,
			);
			name = "Other Frameworks";
			sourceTree = "<group>";
		};
		22B7CE7519B0DD1C0063BAC2 /* Archive To Storage */ = {
			isa = PBXGroup;
			children = (
				22B7CE8119B0DD1C0063BAC2 /* TLAppDelegate.h */,
				22B7CE8219B0DD1C0063BAC2 /* TLAppDelegate.m */,
				22B7CE8C19B0DD560063BAC2 /* DoWork.h */,
				22B7CE8D19B0DD560063BAC2 /* DoWork.m */,
				22B7CE8E19B0DD560063BAC2 /* README */,
				22B7CE8419B0DD1C0063BAC2 /* MainMenu.xib */,
				22B7CE7619B0DD1C0063BAC2 /* Supporting Files */,
			);
			path = "Archive To Storage";
			sourceTree = "<group>";
		};
		22B7CE7619B0DD1C0063BAC2 /* Supporting Files */ = {
			isa = PBXGroup;
			children = (
				22B7CE7719B0DD1C0063BAC2 /* Archive To Storage-Info.plist */,
				22B7CE7819B0DD1C0063BAC2 /* InfoPlist.strings */,
				22B7CE7B19B0DD1C0063BAC2 /* main.m */,
				22B7CE7D19B0DD1C0063BAC2 /* Archive To Storage-Prefix.pch */,
				22B7CE7E19B0DD1C0063BAC2 /* Credits.rtf */,
			);
			name = "Supporting Files";
			sourceTree = "<group>";
		};
/* End PBXGroup section */

/* Begin PBXNativeTarget section */
		22B7CE6B19B0DD1C0063BAC2 /* Archive To Storage */ = {
			isa = PBXNativeTarget;
			buildConfigurationList = 22B7CE8919B0DD1C0063BAC2 /* Build configuration list for PBXNativeTarget "Archive To Storage" */;
			buildPhases = (
				22B7CE6819B0DD1C0063BAC2 /* Sources */,
				22B7CE6919B0DD1C0063BAC2 /* Frameworks */,
				22B7CE6A19B0DD1C0063BAC2 /* Resources */,
			);
			buildRules = (
			);
			dependencies = (
			);
			name = "Archive To Storage";
			productName = "Archive To Storage";
			productReference = 22B7CE6C19B0DD1C0063BAC2 /* Archive To Storage.app */;
			productType = "com.apple.product-type.application";
		};
/* End PBXNativeTarget section */

/* Begin PBXProject section */
		22B7CE6419B0DD1C0063BAC2 /* Project object */ = {
			isa = PBXProject;
			attributes = {
				CLASSPREFIX = TL;
				LastUpgradeCheck = 0460;
				ORGANIZATIONNAME = Tim;
			};
			buildConfigurationList = 22B7CE6719B0DD1C0063BAC2 /* Build configuration list for PBXProject "Archive To Storage" */;
			compatibilityVersion = "Xcode 3.2";
			developmentRegion = English;
			hasScannedForEncodings = 0;
			knownRegions = (
				en,
			);
			mainGroup = 22B7CE6319B0DD1C0063BAC2;
			productRefGroup = 22B7CE6D19B0DD1C0063BAC2 /* Products */;
			projectDirPath = "";
			projectRoot = "";
			targets = (
				22B7CE6B19B0DD1C0063BAC2 /* Archive To Storage */,
			);
		};
/* End PBXProject section */

/* Begin PBXResourcesBuildPhase section */
		22B7CE6A19B0DD1C0063BAC2 /* Resources */ = {
			isa = PBXResourcesBuildPhase;
			buildActionMask = 2147483647;
			files = (
				22B7CE7A19B0DD1C0063BAC2 /* InfoPlist.strings in Resources */,
				22B7CE8019B0DD1C0063BAC2 /* Credits.rtf in Resources */,
				22B7CE8619B0DD1C0063BAC2 /* MainMenu.xib in Resources */,
				22B7CE9019B0DD560063BAC2 /* README in Resources */,
			);
			runOnlyForDeploymentPostprocessing = 0;
		};
/* End PBXResourcesBuildPhase section */

/* Begin PBXSourcesBuildPhase section */
		22B7CE6819B0DD1C0063BAC2 /* Sources */ = {
			isa = PBXSourcesBuildPhase;
			buildActionMask = 2147483647;
			files = (
				22B7CE7C19B0DD1C0063BAC2 /* main.m in Sources */,
				22B7CE8319B0DD1C0063BAC2 /* TLAppDelegate.m in Sources */,
				22B7CE8F19B0DD560063BAC2 /* DoWork.m in Sources */,
			);
			runOnlyForDeploymentPostprocessing = 0;
		};
/* End PBXSourcesBuildPhase section */

/* Begin PBXVariantGroup section */
		22B7CE7819B0DD1C0063BAC2 /* InfoPlist.strings */ = {
			isa = PBXVariantGroup;
			children = (
				22B7CE7919B0DD1C0063BAC2 /* en */,
			);
			name = InfoPlist.strings;
			sourceTree = "<group>";
		};
		22B7CE7E19B0DD1C0063BAC2 /* Credits.rtf */ = {
			isa = PBXVariantGroup;
			children = (
				22B7CE7F19B0DD1C0063BAC2 /* en */,
			);
			name = Credits.rtf;
			sourceTree = "<group>";
		};
		22B7CE8419B0DD1C0063BAC2 /* MainMenu.xib */ = {
			isa = PBXVariantGroup;
			children = (
				22B7CE8519B0DD1C0063BAC2 /* en */,
			);
			name = MainMenu.xib;
			sourceTree = "<group>";
		};
/* End PBXVariantGroup section */

/* Begin XCBuildConfiguration section */
		22B7CE8719B0DD1C0063BAC2 /* Debug */ = {
			isa = XCBuildConfiguration;
			buildSettings = {
				ALWAYS_SEARCH_USER_PATHS = NO;
				ARCHS = "$(ARCHS_STANDARD_64_BIT)";
				CLANG_CXX_LANGUAGE_STANDARD = "gnu++0x";
				CLANG_CXX_LIBRARY = "libc++";
				CLANG_WARN_CONSTANT_CONVERSION = YES;
				CLANG_WARN_EMPTY_BODY = YES;
				CLANG_WARN_ENUM_CONVERSION = YES;
				CLANG_WARN_INT_CONVERSION = YES;
				CLANG_WARN__DUPLICATE_METHOD_MATCH = YES;
				COPY_PHASE_STRIP = NO;
				GCC_C_LANGUAGE_STANDARD = gnu99;
				GCC_DYNAMIC_NO_PIC = NO;
				GCC_ENABLE_OBJC_EXCEPTIONS = YES;
				GCC_OPTIMIZATION_LEVEL = 0;
				GCC_PREPROCESSOR_DEFINITIONS = (
					"DEBUG=1",
					"$(inherited)",
				);
				GCC_SYMBOLS_PRIVATE_EXTERN = NO;
				GCC_WARN_64_TO_32_BIT_CONVERSION = YES;
				GCC_WARN_ABOUT_RETURN_TYPE = YES;
				GCC_WARN_UNINITIALIZED_AUTOS = YES;
				GCC_WARN_UNUSED_VARIABLE = YES;
				MACOSX_DEPLOYMENT_TARGET = 10.7;
				ONLY_ACTIVE_ARCH = YES;
				SDKROOT = macosx;
			};
			name = Debug;
		};
		22B7CE8819B0DD1C0063BAC2 /* Release */ = {
			isa = XCBuildConfiguration;
			buildSettings = {
				ALWAYS_SEARCH_USER_PATHS = NO;
				ARCHS = "$(ARCHS_STANDARD_64_BIT)";
				CLANG_CXX_LANGUAGE_STANDARD = "gnu++0x";
				CLANG_CXX_LIBRARY = "libc++";
				CLANG_WARN_CONSTANT_CONVERSION = YES;
				CLANG_WARN_EMPTY_BODY = YES;
				CLANG_WARN_ENUM_CONVERSION = YES;
				CLANG_WARN_INT_CONVERSION = YES;
				CLANG_WARN__DUPLICATE_METHOD_MATCH = YES;
				COPY_PHASE_STRIP = YES;
				DEBUG_INFORMATION_FORMAT = "dwarf-with-dsym";
				GCC_C_LANGUAGE_STANDARD = gnu99;
				GCC_ENABLE_OBJC_EXCEPTIONS = YES;
				GCC_WARN_64_TO_32_BIT_CONVERSION = YES;
				GCC_WARN_ABOUT_RETURN_TYPE = YES;
				GCC_WARN_UNINITIALIZED_AUTOS = YES;
				GCC_WARN_UNUSED_VARIABLE = YES;
				MACOSX_DEPLOYMENT_TARGET = 10.7;
				SDKROOT = macosx;
			};
			name = Release;
		};
		22B7CE8A19B0DD1C0063BAC2 /* Debug */ = {
			isa = XCBuildConfiguration;
			buildSettings = {
				COMBINE_HIDPI_IMAGES = YES;
				GCC_PRECOMPILE_PREFIX_HEADER = YES;
				GCC_PREFIX_HEADER = "Archive To Storage/Archive To Storage-Prefix.pch";
				INFOPLIST_FILE = "Archive To Storage/Archive To Storage-Info.plist";
				MACOSX_DEPLOYMENT_TARGET = 10.5;
				PRODUCT_NAME = "$(TARGET_NAME)";
				SDKROOT = macosx10.7;
				WRAPPER_EXTENSION = app;
			};
			name = Debug;
		};
		22B7CE8B19B0DD1C0063BAC2 /* Release */ = {
			isa = XCBuildConfiguration;
			buildSettings = {
				COMBINE_HIDPI_IMAGES = YES;
				GCC_PRECOMPILE_PREFIX_HEADER = YES;
				GCC_PREFIX_HEADER = "Archive To Storage/Archive To Storage-Prefix.pch";
				INFOPLIST_FILE = "Archive To Storage/Archive To Storage-Info.plist";
				MACOSX_DEPLOYMENT_TARGET = 10.5;
				PRODUCT_NAME = "$(TARGET_NAME)";
				SDKROOT = macosx10.7;
				WRAPPER_EXTENSION = app;
			};
			name = Release;
		};
/* End XCBuildConfiguration section */

/* Begin XCConfigurationList section */
		22B7CE6719B0DD1C0063BAC2 /* Build configuration list for PBXProject "Archive To Storage" */ = {
			isa = XCConfigurationList;
			buildConfigurations = (
				22B7CE8719B0DD1C0063BAC2 /* Debug */,
				22B7CE8819B0DD1C0063BAC2 /* Release */,
			);
			defaultConfigurationIsVisible = 0;
			defaultConfigurationName = Release;
		};
		22B7CE8919B0DD1C0063BAC2 /* Build configuration list for PBXNativeTarget "Archive To Storage" */ = {
			isa = XCConfigurationList;
			buildConfigurations = (
				22B7CE8A19B0DD1C0063BAC2 /* Debug */,
				22B7CE8B19B0DD1C0063BAC2 /* Release */,
			);
			defaultConfigurationIsVisible = 0;
			defaultConfigurationName = Release;
		};
/* End XCConfigurationList section */
	};
	rootObject = 22B7CE6419B0DD1C0063BAC2 /* Project object */;
}
